// !$*UTF8*$!
{
	archiveVersion = 1;
	classes = {
	};
	objectVersion = 50;
	objects = {

/* Begin PBXBuildFile section */
		179E68FA24BCBB2900E16FB9 /* AppDelegate.swift in Sources */ = {isa = PBXBuildFile; fileRef = 179E68F924BCBB2900E16FB9 /* AppDelegate.swift */; };
		179E68FC24BCBB2900E16FB9 /* SceneDelegate.swift in Sources */ = {isa = PBXBuildFile; fileRef = 179E68FB24BCBB2900E16FB9 /* SceneDelegate.swift */; };
		179E690124BCBB2900E16FB9 /* Main.storyboard in Resources */ = {isa = PBXBuildFile; fileRef = 179E68FF24BCBB2900E16FB9 /* Main.storyboard */; };
		179E690424BCBB2900E16FB9 /* ToDoList.xcdatamodeld in Sources */ = {isa = PBXBuildFile; fileRef = 179E690224BCBB2900E16FB9 /* ToDoList.xcdatamodeld */; };
		179E690624BCBB2B00E16FB9 /* Assets.xcassets in Resources */ = {isa = PBXBuildFile; fileRef = 179E690524BCBB2B00E16FB9 /* Assets.xcassets */; };
		179E690924BCBB2B00E16FB9 /* LaunchScreen.storyboard in Resources */ = {isa = PBXBuildFile; fileRef = 179E690724BCBB2B00E16FB9 /* LaunchScreen.storyboard */; };
		179E693424BCBD7300E16FB9 /* ToDoTableTableViewController.swift in Sources */ = {isa = PBXBuildFile; fileRef = 179E693324BCBD7300E16FB9 /* ToDoTableTableViewController.swift */; };
		179E693624BCE89E00E16FB9 /* ToDo.swift in Sources */ = {isa = PBXBuildFile; fileRef = 179E693524BCE89E00E16FB9 /* ToDo.swift */; };
/* End PBXBuildFile section */

/* Begin PBXFileReference section */
		179E68F624BCBB2900E16FB9 /* ToDoList.app */ = {isa = PBXFileReference; explicitFileType = wrapper.application; includeInIndex = 0; path = ToDoList.app; sourceTree = BUILT_PRODUCTS_DIR; };
		179E68F924BCBB2900E16FB9 /* AppDelegate.swift */ = {isa = PBXFileReference; lastKnownFileType = sourcecode.swift; path = AppDelegate.swift; sourceTree = "<group>"; };
		179E68FB24BCBB2900E16FB9 /* SceneDelegate.swift */ = {isa = PBXFileReference; lastKnownFileType = sourcecode.swift; path = SceneDelegate.swift; sourceTree = "<group>"; };
		179E690024BCBB2900E16FB9 /* Base */ = {isa = PBXFileReference; lastKnownFileType = file.storyboard; name = Base; path = Base.lproj/Main.storyboard; sourceTree = "<group>"; };
		179E690324BCBB2900E16FB9 /* ToDoList.xcdatamodel */ = {isa = PBXFileReference; lastKnownFileType = wrapper.xcdatamodel; path = ToDoList.xcdatamodel; sourceTree = "<group>"; };
		179E690524BCBB2B00E16FB9 /* Assets.xcassets */ = {isa = PBXFileReference; lastKnownFileType = folder.assetcatalog; path = Assets.xcassets; sourceTree = "<group>"; };
		179E690824BCBB2B00E16FB9 /* Base */ = {isa = PBXFileReference; lastKnownFileType = file.storyboard; name = Base; path = Base.lproj/LaunchScreen.storyboard; sourceTree = "<group>"; };
		179E690A24BCBB2B00E16FB9 /* Info.plist */ = {isa = PBXFileReference; lastKnownFileType = text.plist.xml; path = Info.plist; sourceTree = "<group>"; };
		179E693324BCBD7300E16FB9 /* ToDoTableTableViewController.swift */ = {isa = PBXFileReference; lastKnownFileType = sourcecode.swift; path = ToDoTableTableViewController.swift; sourceTree = "<group>"; };
		179E693524BCE89E00E16FB9 /* ToDo.swift */ = {isa = PBXFileReference; lastKnownFileType = sourcecode.swift; path = ToDo.swift; sourceTree = "<group>"; };
/* End PBXFileReference section */

/* Begin PBXFrameworksBuildPhase section */
		179E68F324BCBB2900E16FB9 /* Frameworks */ = {
			isa = PBXFrameworksBuildPhase;
			buildActionMask = 2147483647;
			files = (
			);
			runOnlyForDeploymentPostprocessing = 0;
		};
/* End PBXFrameworksBuildPhase section */

/* Begin PBXGroup section */
		179E68ED24BCBB2900E16FB9 = {
			isa = PBXGroup;
			children = (
				179E68F824BCBB2900E16FB9 /* ToDoList */,
				179E68F724BCBB2900E16FB9 /* Products */,
			);
			sourceTree = "<group>";
		};
		179E68F724BCBB2900E16FB9 /* Products */ = {
			isa = PBXGroup;
			children = (
				179E68F624BCBB2900E16FB9 /* ToDoList.app */,
			);
			name = Products;
			sourceTree = "<group>";
		};
		179E68F824BCBB2900E16FB9 /* ToDoList */ = {
			isa = PBXGroup;
			children = (
				179E68F924BCBB2900E16FB9 /* AppDelegate.swift */,
				179E68FB24BCBB2900E16FB9 /* SceneDelegate.swift */,
				179E68FF24BCBB2900E16FB9 /* Main.storyboard */,
				179E693524BCE89E00E16FB9 /* ToDo.swift */,
				179E693324BCBD7300E16FB9 /* ToDoTableTableViewController.swift */,
				179E690524BCBB2B00E16FB9 /* Assets.xcassets */,
				179E690724BCBB2B00E16FB9 /* LaunchScreen.storyboard */,
				179E690A24BCBB2B00E16FB9 /* Info.plist */,
				179E690224BCBB2900E16FB9 /* ToDoList.xcdatamodeld */,
			);
			path = ToDoList;
			sourceTree = "<group>";
		};
/* End PBXGroup section */

/* Begin PBXNativeTarget section */
		179E68F524BCBB2900E16FB9 /* ToDoList */ = {
			isa = PBXNativeTarget;
			buildConfigurationList = 179E690D24BCBB2C00E16FB9 /* Build configuration list for PBXNativeTarget "ToDoList" */;
			buildPhases = (
				179E68F224BCBB2900E16FB9 /* Sources */,
				179E68F324BCBB2900E16FB9 /* Frameworks */,
				179E68F424BCBB2900E16FB9 /* Resources */,
			);
			buildRules = (
			);
			dependencies = (
			);
			name = ToDoList;
			productName = ToDoList;
			productReference = 179E68F624BCBB2900E16FB9 /* ToDoList.app */;
			productType = "com.apple.product-type.application";
		};
/* End PBXNativeTarget section */

/* Begin PBXProject section */
		179E68EE24BCBB2900E16FB9 /* Project object */ = {
			isa = PBXProject;
			attributes = {
				LastSwiftUpdateCheck = 1150;
				LastUpgradeCheck = 1150;
				ORGANIZATIONNAME = "Aiknoor Kaur";
				TargetAttributes = {
					179E68F524BCBB2900E16FB9 = {
						CreatedOnToolsVersion = 11.5;
					};
				};
			};
			buildConfigurationList = 179E68F124BCBB2900E16FB9 /* Build configuration list for PBXProject "ToDoList" */;
			compatibilityVersion = "Xcode 9.3";
			developmentRegion = en;
			hasScannedForEncodings = 0;
			knownRegions = (
				en,
				Base,
			);
			mainGroup = 179E68ED24BCBB2900E16FB9;
			productRefGroup = 179E68F724BCBB2900E16FB9 /* Products */;
			projectDirPath = "";
			projectRoot = "";
			targets = (
				179E68F524BCBB2900E16FB9 /* ToDoList */,
			);
		};
/* End PBXProject section */

/* Begin PBXResourcesBuildPhase section */
		179E68F424BCBB2900E16FB9 /* Resources */ = {
			isa = PBXResourcesBuildPhase;
			buildActionMask = 2147483647;
			files = (
				179E690924BCBB2B00E16FB9 /* LaunchScreen.storyboard in Resources */,
				179E690624BCBB2B00E16FB9 /* Assets.xcassets in Resources */,
				179E690124BCBB2900E16FB9 /* Main.storyboard in Resources */,
			);
			runOnlyForDeploymentPostprocessing = 0;
		};
/* End PBXResourcesBuildPhase section */

/* Begin PBXSourcesBuildPhase section */
		179E68F224BCBB2900E16FB9 /* Sources */ = {
			isa = PBXSourcesBuildPhase;
			buildActionMask = 2147483647;
			files = (
				179E68FA24BCBB2900E16FB9 /* AppDelegate.swift in Sources */,
				179E693624BCE89E00E16FB9 /* ToDo.swift in Sources */,
				179E68FC24BCBB2900E16FB9 /* SceneDelegate.swift in Sources */,
				179E693424BCBD7300E16FB9 /* ToDoTableTableViewController.swift in Sources */,
				179E690424BCBB2900E16FB9 /* ToDoList.xcdatamodeld in Sources */,
			);
			runOnlyForDeploymentPostprocessing = 0;
		};
/* End PBXSourcesBuildPhase section */

/* Begin PBXVariantGroup section */
		179E68FF24BCBB2900E16FB9 /* Main.storyboard */ = {
			isa = PBXVariantGroup;
			children = (
				179E690024BCBB2900E16FB9 /* Base */,
			);
			name = Main.storyboard;
			sourceTree = "<group>";
		};
		179E690724BCBB2B00E16FB9 /* LaunchScreen.storyboard */ = {
			isa = PBXVariantGroup;
			children = (
				179E690824BCBB2B00E16FB9 /* Base */,
			);
			name = LaunchScreen.storyboard;
			sourceTree = "<group>";
		};
/* End PBXVariantGroup section */

/* Begin XCBuildConfiguration section */
		179E690B24BCBB2B00E16FB9 /* Debug */ = {
			isa = XCBuildConfiguration;
			buildSettings = {
				ALWAYS_SEARCH_USER_PATHS = NO;
				CLANG_ANALYZER_NONNULL = YES;
				CLANG_ANALYZER_NUMBER_OBJECT_CONVERSION = YES_AGGRESSIVE;
				CLANG_CXX_LANGUAGE_STANDARD = "gnu++14";
				CLANG_CXX_LIBRARY = "libc++";
				CLANG_ENABLE_MODULES = YES;
				CLANG_ENABLE_OBJC_ARC = YES;
				CLANG_ENABLE_OBJC_WEAK = YES;
				CLANG_WARN_BLOCK_CAPTURE_AUTORELEASING = YES;
				CLANG_WARN_BOOL_CONVERSION = YES;
				CLANG_WARN_COMMA = YES;
				CLANG_WARN_CONSTANT_CONVERSION = YES;
				CLANG_WARN_DEPRECATED_OBJC_IMPLEMENTATIONS = YES;
				CLANG_WARN_DIRECT_OBJC_ISA_USAGE = YES_ERROR;
				CLANG_WARN_DOCUMENTATION_COMMENTS = YES;
				CLANG_WARN_EMPTY_BODY = YES;
				CLANG_WARN_ENUM_CONVERSION = YES;
				CLANG_WARN_INFINITE_RECURSION = YES;
				CLANG_WARN_INT_CONVERSION = YES;
				CLANG_WARN_NON_LITERAL_NULL_CONVERSION = YES;
				CLANG_WARN_OBJC_IMPLICIT_RETAIN_SELF = YES;
				CLANG_WARN_OBJC_LITERAL_CONVERSION = YES;
				CLANG_WARN_OBJC_ROOT_CLASS = YES_ERROR;
				CLANG_WARN_RANGE_LOOP_ANALYSIS = YES;
				CLANG_WARN_STRICT_PROTOTYPES = YES;
				CLANG_WARN_SUSPICIOUS_MOVE = YES;
				CLANG_WARN_UNGUARDED_AVAILABILITY = YES_AGGRESSIVE;
				CLANG_WARN_UNREACHABLE_CODE = YES;
				CLANG_WARN__DUPLICATE_METHOD_MATCH = YES;
				COPY_PHASE_STRIP = NO;
				DEBUG_INFORMATION_FORMAT = dwarf;
				ENABLE_STRICT_OBJC_MSGSEND = YES;
				ENABLE_TESTABILITY = YES;
				GCC_C_LANGUAGE_STANDARD = gnu11;
				GCC_DYNAMIC_NO_PIC = NO;
				GCC_NO_COMMON_BLOCKS = YES;
				GCC_OPTIMIZATION_LEVEL = 0;
				GCC_PREPROCESSOR_DEFINITIONS = (
					"DEBUG=1",
					"$(inherited)",
				);
				GCC_WARN_64_TO_32_BIT_CONVERSION = YES;
				GCC_WARN_ABOUT_RETURN_TYPE = YES_ERROR;
				GCC_WARN_UNDECLARED_SELECTOR = YES;
				GCC_WARN_UNINITIALIZED_AUTOS = YES_AGGRESSIVE;
				GCC_WARN_UNUSED_FUNCTION = YES;
				GCC_WARN_UNUSED_VARIABLE = YES;
				IPHONEOS_DEPLOYMENT_TARGET = 13.5;
				MTL_ENABLE_DEBUG_INFO = INCLUDE_SOURCE;
				MTL_FAST_MATH = YES;
				ONLY_ACTIVE_ARCH = YES;
				SDKROOT = iphoneos;
				SWIFT_ACTIVE_COMPILATION_CONDITIONS = DEBUG;
				SWIFT_OPTIMIZATION_LEVEL = "-Onone";
			};
			name = Debug;
		};
		179E690C24BCBB2B00E16FB9 /* Release */ = {
			isa = XCBuildConfiguration;
			buildSettings = {
				ALWAYS_SEARCH_USER_PATHS = NO;
				CLANG_ANALYZER_NONNULL = YES;
				CLANG_ANALYZER_NUMBER_OBJECT_CONVERSION = YES_AGGRESSIVE;
				CLANG_CXX_LANGUAGE_STANDARD = "gnu++14";
				CLANG_CXX_LIBRARY = "libc++";
				CLANG_ENABLE_MODULES = YES;
				CLANG_ENABLE_OBJC_ARC = YES;
				CLANG_ENABLE_OBJC_WEAK = YES;
				CLANG_WARN_BLOCK_CAPTURE_AUTORELEASING = YES;
				CLANG_WARN_BOOL_CONVERSION = YES;
				CLANG_WARN_COMMA = YES;
				CLANG_WARN_CONSTANT_CONVERSION = YES;
				CLANG_WARN_DEPRECATED_OBJC_IMPLEMENTATIONS = YES;
				CLANG_WARN_DIRECT_OBJC_ISA_USAGE = YES_ERROR;
				CLANG_WARN_DOCUMENTATION_COMMENTS = YES;
				CLANG_WARN_EMPTY_BODY = YES;
				CLANG_WARN_ENUM_CONVERSION = YES;
				CLANG_WARN_INFINITE_RECURSION = YES;
				CLANG_WARN_INT_CONVERSION = YES;
				CLANG_WARN_NON_LITERAL_NULL_CONVERSION = YES;
				CLANG_WARN_OBJC_IMPLICIT_RETAIN_SELF = YES;
				CLANG_WARN_OBJC_LITERAL_CONVERSION = YES;
				CLANG_WARN_OBJC_ROOT_CLASS = YES_ERROR;
				CLANG_WARN_RANGE_LOOP_ANALYSIS = YES;
				CLANG_WARN_STRICT_PROTOTYPES = YES;
				CLANG_WARN_SUSPICIOUS_MOVE = YES;
				CLANG_WARN_UNGUARDED_AVAILABILITY = YES_AGGRESSIVE;
				CLANG_WARN_UNREACHABLE_CODE = YES;
				CLANG_WARN__DUPLICATE_METHOD_MATCH = YES;
				COPY_PHASE_STRIP = NO;
				DEBUG_INFORMATION_FORMAT = "dwarf-with-dsym";
				ENABLE_NS_ASSERTIONS = NO;
				ENABLE_STRICT_OBJC_MSGSEND = YES;
				GCC_C_LANGUAGE_STANDARD = gnu11;
				GCC_NO_COMMON_BLOCKS = YES;
				GCC_WARN_64_TO_32_BIT_CONVERSION = YES;
				GCC_WARN_ABOUT_RETURN_TYPE = YES_ERROR;
				GCC_WARN_UNDECLARED_SELECTOR = YES;
				GCC_WARN_UNINITIALIZED_AUTOS = YES_AGGRESSIVE;
				GCC_WARN_UNUSED_FUNCTION = YES;
				GCC_WARN_UNUSED_VARIABLE = YES;
				IPHONEOS_DEPLOYMENT_TARGET = 13.5;
				MTL_ENABLE_DEBUG_INFO = NO;
				MTL_FAST_MATH = YES;
				SDKROOT = iphoneos;
				SWIFT_COMPILATION_MODE = wholemodule;
				SWIFT_OPTIMIZATION_LEVEL = "-O";
				VALIDATE_PRODUCT = YES;
			};
			name = Release;
		};
		179E690E24BCBB2C00E16FB9 /* Debug */ = {
			isa = XCBuildConfiguration;
			buildSettings = {
				ASSETCATALOG_COMPILER_APPICON_NAME = AppIcon;
				CODE_SIGN_STYLE = Automatic;
				DEVELOPMENT_TEAM = 67Y6G6QB4H;
				INFOPLIST_FILE = ToDoList/Info.plist;
				LD_RUNPATH_SEARCH_PATHS = (
					"$(inherited)",
					"@executable_path/Frameworks",
				);
				PRODUCT_BUNDLE_IDENTIFIER = IntroToStoryBoard.ToDoList;
				PRODUCT_NAME = "$(TARGET_NAME)";
				SWIFT_VERSION = 5.0;
				TARGETED_DEVICE_FAMILY = "1,2";
			};
			name = Debug;
		};
		179E690F24BCBB2C00E16FB9 /* Release */ = {
			isa = XCBuildConfiguration;
			buildSettings = {
				ASSETCATALOG_COMPILER_APPICON_NAME = AppIcon;
				CODE_SIGN_STYLE = Automatic;
				DEVELOPMENT_TEAM = 67Y6G6QB4H;
				INFOPLIST_FILE = ToDoList/Info.plist;
				LD_RUNPATH_SEARCH_PATHS = (
					"$(inherited)",
					"@executable_path/Frameworks",
				);
				PRODUCT_BUNDLE_IDENTIFIER = IntroToStoryBoard.ToDoList;
				PRODUCT_NAME = "$(TARGET_NAME)";
				SWIFT_VERSION = 5.0;
				TARGETED_DEVICE_FAMILY = "1,2";
			};
			name = Release;
		};
/* End XCBuildConfiguration section */

/* Begin XCConfigurationList section */
		179E68F124BCBB2900E16FB9 /* Build configuration list for PBXProject "ToDoList" */ = {
			isa = XCConfigurationList;
			buildConfigurations = (
				179E690B24BCBB2B00E16FB9 /* Debug */,
				179E690C24BCBB2B00E16FB9 /* Release */,
			);
			defaultConfigurationIsVisible = 0;
			defaultConfigurationName = Release;
		};
		179E690D24BCBB2C00E16FB9 /* Build configuration list for PBXNativeTarget "ToDoList" */ = {
			isa = XCConfigurationList;
			buildConfigurations = (
				179E690E24BCBB2C00E16FB9 /* Debug */,
				179E690F24BCBB2C00E16FB9 /* Release */,
			);
			defaultConfigurationIsVisible = 0;
			defaultConfigurationName = Release;
		};
/* End XCConfigurationList section */

/* Begin XCVersionGroup section */
		179E690224BCBB2900E16FB9 /* ToDoList.xcdatamodeld */ = {
			isa = XCVersionGroup;
			children = (
				179E690324BCBB2900E16FB9 /* ToDoList.xcdatamodel */,
			);
			currentVersion = 179E690324BCBB2900E16FB9 /* ToDoList.xcdatamodel */;
			path = ToDoList.xcdatamodeld;
			sourceTree = "<group>";
			versionGroupType = wrapper.xcdatamodel;
		};
/* End XCVersionGroup section */
	};
	rootObject = 179E68EE24BCBB2900E16FB9 /* Project object */;
}
